
Microsoft Visual Studio Solution File, Format Version 12.00
# Visual Studio Version 17
VisualStudioVersion = 17.4.33122.133
MinimumVisualStudioVersion = 10.0.40219.1
Project("{9A19103F-16F7-4668-BE54-9A1E7A4F7556}") = "StringsBasico", "StringsBasico.csproj", "{7B1F4BAC-D0E1-494E-B7B4-67521AA1B470}"
EndProject
Global
	GlobalSection(SolutionConfigurationPlatforms) = preSolution
		Debug|Any CPU = Debug|Any CPU
		Release|Any CPU = Release|Any CPU
	EndGlobalSection
	GlobalSection(ProjectConfigurationPlatforms) = postSolution
		{7B1F4BAC-D0E1-494E-B7B4-67521AA1B470}.Debug|Any CPU.ActiveCfg = Debug|Any CPU
		{7B1F4BAC-D0E1-494E-B7B4-67521AA1B470}.Debug|Any CPU.Build.0 = Debug|Any CPU
		{7B1F4BAC-D0E1-494E-B7B4-67521AA1B470}.Release|Any CPU.ActiveCfg = Release|Any CPU
		{7B1F4BAC-D0E1-494E-B7B4-67521AA1B470}.Release|Any CPU.Build.0 = Release|Any CPU
	EndGlobalSection
	GlobalSection(SolutionProperties) = preSolution
		HideSolutionNode = FALSE
	EndGlobalSection
	GlobalSection(ExtensibilityGlobals) = postSolution
		SolutionGuid = {5FB93148-218C-4325-94DF-1563AAFABA42}
	EndGlobalSection
EndGlobal
